
Microsoft Visual Studio Solution File, Format Version 12.00
# Visual Studio Version 17
VisualStudioVersion = 17.7.34031.279
MinimumVisualStudioVersion = 10.0.40219.1
Project("{FAE04EC0-301F-11D3-BF4B-00C04F79EFBC}") = "WpfApp1", "WpfApp1.csproj", "{DE6E3BA9-DB08-48AF-8359-2957EB246E7D}"
EndProject
Global
	GlobalSection(SolutionConfigurationPlatforms) = preSolution
		Debug|Any CPU = Debug|Any CPU
		Release|Any CPU = Release|Any CPU
	EndGlobalSection
	GlobalSection(ProjectConfigurationPlatforms) = postSolution
		{DE6E3BA9-DB08-48AF-8359-2957EB246E7D}.Debug|Any CPU.ActiveCfg = Debug|Any CPU
		{DE6E3BA9-DB08-48AF-8359-2957EB246E7D}.Debug|Any CPU.Build.0 = Debug|Any CPU
		{DE6E3BA9-DB08-48AF-8359-2957EB246E7D}.Release|Any CPU.ActiveCfg = Release|Any CPU
		{DE6E3BA9-DB08-48AF-8359-2957EB246E7D}.Release|Any CPU.Build.0 = Release|Any CPU
	EndGlobalSection
	GlobalSection(SolutionProperties) = preSolution
		HideSolutionNode = FALSE
	EndGlobalSection
	GlobalSection(ExtensibilityGlobals) = postSolution
		SolutionGuid = {E028DB6D-8998-4D73-AAF7-809A507CECEC}
	EndGlobalSection
EndGlobal
